
Microsoft Visual Studio Solution File, Format Version 12.00
# Visual Studio Version 17
VisualStudioVersion = 17.5.33414.496
MinimumVisualStudioVersion = 10.0.40219.1
Project("{FAE04EC0-301F-11D3-BF4B-00C04F79EFBC}") = "Do while task", "Do while task\Do while task.csproj", "{02FCE5AA-175E-421F-B330-A84D68EE9E2D}"
EndProject
Global
	GlobalSection(SolutionConfigurationPlatforms) = preSolution
		Debug|Any CPU = Debug|Any CPU
		Release|Any CPU = Release|Any CPU
	EndGlobalSection
	GlobalSection(ProjectConfigurationPlatforms) = postSolution
		{02FCE5AA-175E-421F-B330-A84D68EE9E2D}.Debug|Any CPU.ActiveCfg = Debug|Any CPU
		{02FCE5AA-175E-421F-B330-A84D68EE9E2D}.Debug|Any CPU.Build.0 = Debug|Any CPU
		{02FCE5AA-175E-421F-B330-A84D68EE9E2D}.Release|Any CPU.ActiveCfg = Release|Any CPU
		{02FCE5AA-175E-421F-B330-A84D68EE9E2D}.Release|Any CPU.Build.0 = Release|Any CPU
	EndGlobalSection
	GlobalSection(SolutionProperties) = preSolution
		HideSolutionNode = FALSE
	EndGlobalSection
	GlobalSection(ExtensibilityGlobals) = postSolution
		SolutionGuid = {BA42CC87-636D-4A56-85AB-9939FAB24779}
	EndGlobalSection
EndGlobal
